
Microsoft Visual Studio Solution File, Format Version 12.00
# Visual Studio Version 17
VisualStudioVersion = 17.7.34031.279
MinimumVisualStudioVersion = 10.0.40219.1
Project("{8BC9CEB8-8B4A-11D0-8D11-00A0C91BC942}") = "Project1", "Project1.vcxproj", "{E846D870-2348-4573-9067-7DD0FFCB88BD}"
EndProject
Project("{8BC9CEB8-8B4A-11D0-8D11-00A0C91BC942}") = "Project2", "..\Project2\Project2.vcxproj", "{7E5834C0-99A2-4354-B279-A546D9AC5D2E}"
EndProject
Global
	GlobalSection(SolutionConfigurationPlatforms) = preSolution
		Debug|x64 = Debug|x64
		Debug|x86 = Debug|x86
		Release|x64 = Release|x64
		Release|x86 = Release|x86
	EndGlobalSection
	GlobalSection(ProjectConfigurationPlatforms) = postSolution
		{E846D870-2348-4573-9067-7DD0FFCB88BD}.Debug|x64.ActiveCfg = Debug|x64
		{E846D870-2348-4573-9067-7DD0FFCB88BD}.Debug|x64.Build.0 = Debug|x64
		{E846D870-2348-4573-9067-7DD0FFCB88BD}.Debug|x86.ActiveCfg = Debug|Win32
		{E846D870-2348-4573-9067-7DD0FFCB88BD}.Debug|x86.Build.0 = Debug|Win32
		{E846D870-2348-4573-9067-7DD0FFCB88BD}.Release|x64.ActiveCfg = Release|x64
		{E846D870-2348-4573-9067-7DD0FFCB88BD}.Release|x64.Build.0 = Release|x64
		{E846D870-2348-4573-9067-7DD0FFCB88BD}.Release|x86.ActiveCfg = Release|Win32
		{E846D870-2348-4573-9067-7DD0FFCB88BD}.Release|x86.Build.0 = Release|Win32
		{7E5834C0-99A2-4354-B279-A546D9AC5D2E}.Debug|x64.ActiveCfg = Debug|x64
		{7E5834C0-99A2-4354-B279-A546D9AC5D2E}.Debug|x64.Build.0 = Debug|x64
		{7E5834C0-99A2-4354-B279-A546D9AC5D2E}.Debug|x86.ActiveCfg = Debug|Win32
		{7E5834C0-99A2-4354-B279-A546D9AC5D2E}.Debug|x86.Build.0 = Debug|Win32
		{7E5834C0-99A2-4354-B279-A546D9AC5D2E}.Release|x64.ActiveCfg = Release|x64
		{7E5834C0-99A2-4354-B279-A546D9AC5D2E}.Release|x64.Build.0 = Release|x64
		{7E5834C0-99A2-4354-B279-A546D9AC5D2E}.Release|x86.ActiveCfg = Release|Win32
		{7E5834C0-99A2-4354-B279-A546D9AC5D2E}.Release|x86.Build.0 = Release|Win32
	EndGlobalSection
	GlobalSection(SolutionProperties) = preSolution
		HideSolutionNode = FALSE
	EndGlobalSection
	GlobalSection(ExtensibilityGlobals) = postSolution
		SolutionGuid = {5D004CEB-3DD7-4BD9-8FF5-6283AA7EF73B}
	EndGlobalSection
EndGlobal
